
Microsoft Visual Studio Solution File, Format Version 12.00
# Visual Studio 15
VisualStudioVersion = 15.0.27004.2009
MinimumVisualStudioVersion = 10.0.40219.1
Project("{8BC9CEB8-8B4A-11D0-8D11-00A0C91BC942}") = "t2", "t2\t2.vcxproj", "{5F296C0F-9EA0-4001-A303-7AD5529D6E6B}"
EndProject
Global
	GlobalSection(SolutionConfigurationPlatforms) = preSolution
		Debug|x64 = Debug|x64
		Debug|x86 = Debug|x86
		Release|x64 = Release|x64
		Release|x86 = Release|x86
	EndGlobalSection
	GlobalSection(ProjectConfigurationPlatforms) = postSolution
		{5F296C0F-9EA0-4001-A303-7AD5529D6E6B}.Debug|x64.ActiveCfg = Debug|x64
		{5F296C0F-9EA0-4001-A303-7AD5529D6E6B}.Debug|x64.Build.0 = Debug|x64
		{5F296C0F-9EA0-4001-A303-7AD5529D6E6B}.Debug|x86.ActiveCfg = Debug|Win32
		{5F296C0F-9EA0-4001-A303-7AD5529D6E6B}.Debug|x86.Build.0 = Debug|Win32
		{5F296C0F-9EA0-4001-A303-7AD5529D6E6B}.Release|x64.ActiveCfg = Release|x64
		{5F296C0F-9EA0-4001-A303-7AD5529D6E6B}.Release|x64.Build.0 = Release|x64
		{5F296C0F-9EA0-4001-A303-7AD5529D6E6B}.Release|x86.ActiveCfg = Release|Win32
		{5F296C0F-9EA0-4001-A303-7AD5529D6E6B}.Release|x86.Build.0 = Release|Win32
	EndGlobalSection
	GlobalSection(SolutionProperties) = preSolution
		HideSolutionNode = FALSE
	EndGlobalSection
	GlobalSection(ExtensibilityGlobals) = postSolution
		SolutionGuid = {18501453-06FF-4A16-887B-5BF48DE6A0FB}
	EndGlobalSection
EndGlobal
