
Microsoft Visual Studio Solution File, Format Version 12.00
# Visual Studio 15
VisualStudioVersion = 15.0.27130.2010
MinimumVisualStudioVersion = 10.0.40219.1
Project("{8BC9CEB8-8B4A-11D0-8D11-00A0C91BC942}") = "t1", "t1\t1.vcxproj", "{B6F2A63E-EBE2-4798-BCA7-258A0F50640F}"
EndProject
Project("{8BC9CEB8-8B4A-11D0-8D11-00A0C91BC942}") = "t2", "t2\t2.vcxproj", "{930A9CF1-558A-4CCE-AC74-3CD8F4E5705A}"
EndProject
Project("{8BC9CEB8-8B4A-11D0-8D11-00A0C91BC942}") = "t3", "t3\t3.vcxproj", "{80A3AE1E-A0F4-4649-9DFF-695FE569DBCE}"
EndProject
Project("{8BC9CEB8-8B4A-11D0-8D11-00A0C91BC942}") = "t4", "t4\t4.vcxproj", "{A8DB94DB-1099-41D9-9B4C-46EC6F0B57F0}"
EndProject
Global
	GlobalSection(SolutionConfigurationPlatforms) = preSolution
		Debug|x64 = Debug|x64
		Debug|x86 = Debug|x86
		Release|x64 = Release|x64
		Release|x86 = Release|x86
	EndGlobalSection
	GlobalSection(ProjectConfigurationPlatforms) = postSolution
		{B6F2A63E-EBE2-4798-BCA7-258A0F50640F}.Debug|x64.ActiveCfg = Debug|x64
		{B6F2A63E-EBE2-4798-BCA7-258A0F50640F}.Debug|x64.Build.0 = Debug|x64
		{B6F2A63E-EBE2-4798-BCA7-258A0F50640F}.Debug|x86.ActiveCfg = Debug|Win32
		{B6F2A63E-EBE2-4798-BCA7-258A0F50640F}.Debug|x86.Build.0 = Debug|Win32
		{B6F2A63E-EBE2-4798-BCA7-258A0F50640F}.Release|x64.ActiveCfg = Release|x64
		{B6F2A63E-EBE2-4798-BCA7-258A0F50640F}.Release|x64.Build.0 = Release|x64
		{B6F2A63E-EBE2-4798-BCA7-258A0F50640F}.Release|x86.ActiveCfg = Release|Win32
		{B6F2A63E-EBE2-4798-BCA7-258A0F50640F}.Release|x86.Build.0 = Release|Win32
		{930A9CF1-558A-4CCE-AC74-3CD8F4E5705A}.Debug|x64.ActiveCfg = Debug|x64
		{930A9CF1-558A-4CCE-AC74-3CD8F4E5705A}.Debug|x64.Build.0 = Debug|x64
		{930A9CF1-558A-4CCE-AC74-3CD8F4E5705A}.Debug|x86.ActiveCfg = Debug|Win32
		{930A9CF1-558A-4CCE-AC74-3CD8F4E5705A}.Debug|x86.Build.0 = Debug|Win32
		{930A9CF1-558A-4CCE-AC74-3CD8F4E5705A}.Release|x64.ActiveCfg = Release|x64
		{930A9CF1-558A-4CCE-AC74-3CD8F4E5705A}.Release|x64.Build.0 = Release|x64
		{930A9CF1-558A-4CCE-AC74-3CD8F4E5705A}.Release|x86.ActiveCfg = Release|Win32
		{930A9CF1-558A-4CCE-AC74-3CD8F4E5705A}.Release|x86.Build.0 = Release|Win32
		{80A3AE1E-A0F4-4649-9DFF-695FE569DBCE}.Debug|x64.ActiveCfg = Debug|x64
		{80A3AE1E-A0F4-4649-9DFF-695FE569DBCE}.Debug|x64.Build.0 = Debug|x64
		{80A3AE1E-A0F4-4649-9DFF-695FE569DBCE}.Debug|x86.ActiveCfg = Debug|Win32
		{80A3AE1E-A0F4-4649-9DFF-695FE569DBCE}.Debug|x86.Build.0 = Debug|Win32
		{80A3AE1E-A0F4-4649-9DFF-695FE569DBCE}.Release|x64.ActiveCfg = Release|x64
		{80A3AE1E-A0F4-4649-9DFF-695FE569DBCE}.Release|x64.Build.0 = Release|x64
		{80A3AE1E-A0F4-4649-9DFF-695FE569DBCE}.Release|x86.ActiveCfg = Release|Win32
		{80A3AE1E-A0F4-4649-9DFF-695FE569DBCE}.Release|x86.Build.0 = Release|Win32
		{A8DB94DB-1099-41D9-9B4C-46EC6F0B57F0}.Debug|x64.ActiveCfg = Debug|x64
		{A8DB94DB-1099-41D9-9B4C-46EC6F0B57F0}.Debug|x64.Build.0 = Debug|x64
		{A8DB94DB-1099-41D9-9B4C-46EC6F0B57F0}.Debug|x86.ActiveCfg = Debug|Win32
		{A8DB94DB-1099-41D9-9B4C-46EC6F0B57F0}.Debug|x86.Build.0 = Debug|Win32
		{A8DB94DB-1099-41D9-9B4C-46EC6F0B57F0}.Release|x64.ActiveCfg = Release|x64
		{A8DB94DB-1099-41D9-9B4C-46EC6F0B57F0}.Release|x64.Build.0 = Release|x64
		{A8DB94DB-1099-41D9-9B4C-46EC6F0B57F0}.Release|x86.ActiveCfg = Release|Win32
		{A8DB94DB-1099-41D9-9B4C-46EC6F0B57F0}.Release|x86.Build.0 = Release|Win32
	EndGlobalSection
	GlobalSection(SolutionProperties) = preSolution
		HideSolutionNode = FALSE
	EndGlobalSection
	GlobalSection(ExtensibilityGlobals) = postSolution
		SolutionGuid = {27A86284-E55A-4B07-9550-6C213100FCB2}
	EndGlobalSection
EndGlobal
